
Microsoft Visual Studio Solution File, Format Version 12.00
# Visual Studio Version 16
VisualStudioVersion = 16.0.31019.35
MinimumVisualStudioVersion = 10.0.40219.1
Project("{FAE04EC0-301F-11D3-BF4B-00C04F79EFBC}") = "FormsExamples.UWP", "FormsExamples\FormsExamples.UWP\FormsExamples.UWP.csproj", "{7F1593C8-5BF0-4306-98F2-7785DE6C9044}"
EndProject
Project("{FAE04EC0-301F-11D3-BF4B-00C04F79EFBC}") = "FormsExamples.Android", "FormsExamples\FormsExamples.Android\FormsExamples.Android.csproj", "{2B2C4DB6-B542-40D1-8EC9-49B0EFF639A2}"
EndProject
Project("{FAE04EC0-301F-11D3-BF4B-00C04F79EFBC}") = "FormsExamples.iOS", "FormsExamples\FormsExamples.iOS\FormsExamples.iOS.csproj", "{08C304E4-AD03-4171-AABC-39E988855B32}"
EndProject
Project("{FAE04EC0-301F-11D3-BF4B-00C04F79EFBC}") = "FormsExamples", "FormsExamples\FormsExamples\FormsExamples.csproj", "{9A15A7E5-24E5-479F-A750-CFDF2CC865AF}"
EndProject
Global
	GlobalSection(SolutionConfigurationPlatforms) = preSolution
		Debug|Any CPU = Debug|Any CPU
		Debug|ARM = Debug|ARM
		Debug|iPhone = Debug|iPhone
		Debug|iPhoneSimulator = Debug|iPhoneSimulator
		Debug|x64 = Debug|x64
		Debug|x86 = Debug|x86
		Release|Any CPU = Release|Any CPU
		Release|ARM = Release|ARM
		Release|iPhone = Release|iPhone
		Release|iPhoneSimulator = Release|iPhoneSimulator
		Release|x64 = Release|x64
		Release|x86 = Release|x86
	EndGlobalSection
	GlobalSection(ProjectConfigurationPlatforms) = postSolution
		{7F1593C8-5BF0-4306-98F2-7785DE6C9044}.Debug|Any CPU.ActiveCfg = Debug|x86
		{7F1593C8-5BF0-4306-98F2-7785DE6C9044}.Debug|Any CPU.Build.0 = Debug|x86
		{7F1593C8-5BF0-4306-98F2-7785DE6C9044}.Debug|Any CPU.Deploy.0 = Debug|x86
		{7F1593C8-5BF0-4306-98F2-7785DE6C9044}.Debug|ARM.ActiveCfg = Debug|ARM
		{7F1593C8-5BF0-4306-98F2-7785DE6C9044}.Debug|ARM.Build.0 = Debug|ARM
		{7F1593C8-5BF0-4306-98F2-7785DE6C9044}.Debug|ARM.Deploy.0 = Debug|ARM
		{7F1593C8-5BF0-4306-98F2-7785DE6C9044}.Debug|iPhone.ActiveCfg = Debug|x86
		{7F1593C8-5BF0-4306-98F2-7785DE6C9044}.Debug|iPhone.Build.0 = Debug|x86
		{7F1593C8-5BF0-4306-98F2-7785DE6C9044}.Debug|iPhone.Deploy.0 = Debug|x86
		{7F1593C8-5BF0-4306-98F2-7785DE6C9044}.Debug|iPhoneSimulator.ActiveCfg = Debug|x86
		{7F1593C8-5BF0-4306-98F2-7785DE6C9044}.Debug|iPhoneSimulator.Build.0 = Debug|x86
		{7F1593C8-5BF0-4306-98F2-7785DE6C9044}.Debug|iPhoneSimulator.Deploy.0 = Debug|x86
		{7F1593C8-5BF0-4306-98F2-7785DE6C9044}.Debug|x64.ActiveCfg = Debug|x64
		{7F1593C8-5BF0-4306-98F2-7785DE6C9044}.Debug|x64.Build.0 = Debug|x64
		{7F1593C8-5BF0-4306-98F2-7785DE6C9044}.Debug|x64.Deploy.0 = Debug|x64
		{7F1593C8-5BF0-4306-98F2-7785DE6C9044}.Debug|x86.ActiveCfg = Debug|x86
		{7F1593C8-5BF0-4306-98F2-7785DE6C9044}.Debug|x86.Build.0 = Debug|x86
		{7F1593C8-5BF0-4306-98F2-7785DE6C9044}.Debug|x86.Deploy.0 = Debug|x86
		{7F1593C8-5BF0-4306-98F2-7785DE6C9044}.Release|Any CPU.ActiveCfg = Release|x86
		{7F1593C8-5BF0-4306-98F2-7785DE6C9044}.Release|Any CPU.Build.0 = Release|x86
		{7F1593C8-5BF0-4306-98F2-7785DE6C9044}.Release|Any CPU.Deploy.0 = Release|x86
		{7F1593C8-5BF0-4306-98F2-7785DE6C9044}.Release|ARM.ActiveCfg = Release|ARM
		{7F1593C8-5BF0-4306-98F2-7785DE6C9044}.Release|ARM.Build.0 = Release|ARM
		{7F1593C8-5BF0-4306-98F2-7785DE6C9044}.Release|ARM.Deploy.0 = Release|ARM
		{7F1593C8-5BF0-4306-98F2-7785DE6C9044}.Release|iPhone.ActiveCfg = Release|x86
		{7F1593C8-5BF0-4306-98F2-7785DE6C9044}.Release|iPhone.Build.0 = Release|x86
		{7F1593C8-5BF0-4306-98F2-7785DE6C9044}.Release|iPhone.Deploy.0 = Release|x86
		{7F1593C8-5BF0-4306-98F2-7785DE6C9044}.Release|iPhoneSimulator.ActiveCfg = Release|x86
		{7F1593C8-5BF0-4306-98F2-7785DE6C9044}.Release|iPhoneSimulator.Build.0 = Release|x86
		{7F1593C8-5BF0-4306-98F2-7785DE6C9044}.Release|iPhoneSimulator.Deploy.0 = Release|x86
		{7F1593C8-5BF0-4306-98F2-7785DE6C9044}.Release|x64.ActiveCfg = Release|x64
		{7F1593C8-5BF0-4306-98F2-7785DE6C9044}.Release|x64.Build.0 = Release|x64
		{7F1593C8-5BF0-4306-98F2-7785DE6C9044}.Release|x64.Deploy.0 = Release|x64
		{7F1593C8-5BF0-4306-98F2-7785DE6C9044}.Release|x86.ActiveCfg = Release|x86
		{7F1593C8-5BF0-4306-98F2-7785DE6C9044}.Release|x86.Build.0 = Release|x86
		{7F1593C8-5BF0-4306-98F2-7785DE6C9044}.Release|x86.Deploy.0 = Release|x86
		{2B2C4DB6-B542-40D1-8EC9-49B0EFF639A2}.Debug|Any CPU.ActiveCfg = Debug|Any CPU
		{2B2C4DB6-B542-40D1-8EC9-49B0EFF639A2}.Debug|Any CPU.Build.0 = Debug|Any CPU
		{2B2C4DB6-B542-40D1-8EC9-49B0EFF639A2}.Debug|Any CPU.Deploy.0 = Debug|Any CPU
		{2B2C4DB6-B542-40D1-8EC9-49B0EFF639A2}.Debug|ARM.ActiveCfg = Debug|Any CPU
		{2B2C4DB6-B542-40D1-8EC9-49B0EFF639A2}.Debug|ARM.Build.0 = Debug|Any CPU
		{2B2C4DB6-B542-40D1-8EC9-49B0EFF639A2}.Debug|ARM.Deploy.0 = Debug|Any CPU
		{2B2C4DB6-B542-40D1-8EC9-49B0EFF639A2}.Debug|iPhone.ActiveCfg = Debug|Any CPU
		{2B2C4DB6-B542-40D1-8EC9-49B0EFF639A2}.Debug|iPhone.Build.0 = Debug|Any CPU
		{2B2C4DB6-B542-40D1-8EC9-49B0EFF639A2}.Debug|iPhone.Deploy.0 = Debug|Any CPU
		{2B2C4DB6-B542-40D1-8EC9-49B0EFF639A2}.Debug|iPhoneSimulator.ActiveCfg = Debug|Any CPU
		{2B2C4DB6-B542-40D1-8EC9-49B0EFF639A2}.Debug|iPhoneSimulator.Build.0 = Debug|Any CPU
		{2B2C4DB6-B542-40D1-8EC9-49B0EFF639A2}.Debug|iPhoneSimulator.Deploy.0 = Debug|Any CPU
		{2B2C4DB6-B542-40D1-8EC9-49B0EFF639A2}.Debug|x64.ActiveCfg = Debug|Any CPU
		{2B2C4DB6-B542-40D1-8EC9-49B0EFF639A2}.Debug|x64.Build.0 = Debug|Any CPU
		{2B2C4DB6-B542-40D1-8EC9-49B0EFF639A2}.Debug|x64.Deploy.0 = Debug|Any CPU
		{2B2C4DB6-B542-40D1-8EC9-49B0EFF639A2}.Debug|x86.ActiveCfg = Debug|Any CPU
		{2B2C4DB6-B542-40D1-8EC9-49B0EFF639A2}.Debug|x86.Build.0 = Debug|Any CPU
		{2B2C4DB6-B542-40D1-8EC9-49B0EFF639A2}.Debug|x86.Deploy.0 = Debug|Any CPU
		{2B2C4DB6-B542-40D1-8EC9-49B0EFF639A2}.Release|Any CPU.ActiveCfg = Release|Any CPU
		{2B2C4DB6-B542-40D1-8EC9-49B0EFF639A2}.Release|Any CPU.Build.0 = Release|Any CPU
		{2B2C4DB6-B542-40D1-8EC9-49B0EFF639A2}.Release|Any CPU.Deploy.0 = Release|Any CPU
		{2B2C4DB6-B542-40D1-8EC9-49B0EFF639A2}.Release|ARM.ActiveCfg = Release|Any CPU
		{2B2C4DB6-B542-40D1-8EC9-49B0EFF639A2}.Release|ARM.Build.0 = Release|Any CPU
		{2B2C4DB6-B542-40D1-8EC9-49B0EFF639A2}.Release|ARM.Deploy.0 = Release|Any CPU
		{2B2C4DB6-B542-40D1-8EC9-49B0EFF639A2}.Release|iPhone.ActiveCfg = Release|Any CPU
		{2B2C4DB6-B542-40D1-8EC9-49B0EFF639A2}.Release|iPhone.Build.0 = Release|Any CPU
		{2B2C4DB6-B542-40D1-8EC9-49B0EFF639A2}.Release|iPhone.Deploy.0 = Release|Any CPU
		{2B2C4DB6-B542-40D1-8EC9-49B0EFF639A2}.Release|iPhoneSimulator.ActiveCfg = Release|Any CPU
		{2B2C4DB6-B542-40D1-8EC9-49B0EFF639A2}.Release|iPhoneSimulator.Build.0 = Release|Any CPU
		{2B2C4DB6-B542-40D1-8EC9-49B0EFF639A2}.Release|iPhoneSimulator.Deploy.0 = Release|Any CPU
		{2B2C4DB6-B542-40D1-8EC9-49B0EFF639A2}.Release|x64.ActiveCfg = Release|Any CPU
		{2B2C4DB6-B542-40D1-8EC9-49B0EFF639A2}.Release|x64.Build.0 = Release|Any CPU
		{2B2C4DB6-B542-40D1-8EC9-49B0EFF639A2}.Release|x64.Deploy.0 = Release|Any CPU
		{2B2C4DB6-B542-40D1-8EC9-49B0EFF639A2}.Release|x86.ActiveCfg = Release|Any CPU
		{2B2C4DB6-B542-40D1-8EC9-49B0EFF639A2}.Release|x86.Build.0 = Release|Any CPU
		{2B2C4DB6-B542-40D1-8EC9-49B0EFF639A2}.Release|x86.Deploy.0 = Release|Any CPU
		{08C304E4-AD03-4171-AABC-39E988855B32}.Debug|Any CPU.ActiveCfg = Debug|iPhoneSimulator
		{08C304E4-AD03-4171-AABC-39E988855B32}.Debug|Any CPU.Build.0 = Debug|iPhoneSimulator
		{08C304E4-AD03-4171-AABC-39E988855B32}.Debug|Any CPU.Deploy.0 = Debug|iPhoneSimulator
		{08C304E4-AD03-4171-AABC-39E988855B32}.Debug|ARM.ActiveCfg = Debug|iPhone
		{08C304E4-AD03-4171-AABC-39E988855B32}.Debug|ARM.Build.0 = Debug|iPhone
		{08C304E4-AD03-4171-AABC-39E988855B32}.Debug|ARM.Deploy.0 = Debug|iPhone
		{08C304E4-AD03-4171-AABC-39E988855B32}.Debug|iPhone.ActiveCfg = Debug|iPhone
		{08C304E4-AD03-4171-AABC-39E988855B32}.Debug|iPhone.Build.0 = Debug|iPhone
		{08C304E4-AD03-4171-AABC-39E988855B32}.Debug|iPhone.Deploy.0 = Debug|iPhone
		{08C304E4-AD03-4171-AABC-39E988855B32}.Debug|iPhoneSimulator.ActiveCfg = Debug|iPhoneSimulator
		{08C304E4-AD03-4171-AABC-39E988855B32}.Debug|iPhoneSimulator.Build.0 = Debug|iPhoneSimulator
		{08C304E4-AD03-4171-AABC-39E988855B32}.Debug|iPhoneSimulator.Deploy.0 = Debug|iPhoneSimulator
		{08C304E4-AD03-4171-AABC-39E988855B32}.Debug|x64.ActiveCfg = Debug|iPhoneSimulator
		{08C304E4-AD03-4171-AABC-39E988855B32}.Debug|x64.Build.0 = Debug|iPhoneSimulator
		{08C304E4-AD03-4171-AABC-39E988855B32}.Debug|x64.Deploy.0 = Debug|iPhoneSimulator
		{08C304E4-AD03-4171-AABC-39E988855B32}.Debug|x86.ActiveCfg = Debug|iPhoneSimulator
		{08C304E4-AD03-4171-AABC-39E988855B32}.Debug|x86.Build.0 = Debug|iPhoneSimulator
		{08C304E4-AD03-4171-AABC-39E988855B32}.Debug|x86.Deploy.0 = Debug|iPhoneSimulator
		{08C304E4-AD03-4171-AABC-39E988855B32}.Release|Any CPU.ActiveCfg = Release|iPhoneSimulator
		{08C304E4-AD03-4171-AABC-39E988855B32}.Release|Any CPU.Build.0 = Release|iPhoneSimulator
		{08C304E4-AD03-4171-AABC-39E988855B32}.Release|Any CPU.Deploy.0 = Release|iPhoneSimulator
		{08C304E4-AD03-4171-AABC-39E988855B32}.Release|ARM.ActiveCfg = Release|iPhoneSimulator
		{08C304E4-AD03-4171-AABC-39E988855B32}.Release|ARM.Build.0 = Release|iPhoneSimulator
		{08C304E4-AD03-4171-AABC-39E988855B32}.Release|ARM.Deploy.0 = Release|iPhoneSimulator
		{08C304E4-AD03-4171-AABC-39E988855B32}.Release|iPhone.ActiveCfg = Release|iPhone
		{08C304E4-AD03-4171-AABC-39E988855B32}.Release|iPhone.Build.0 = Release|iPhone
		{08C304E4-AD03-4171-AABC-39E988855B32}.Release|iPhone.Deploy.0 = Release|iPhone
		{08C304E4-AD03-4171-AABC-39E988855B32}.Release|iPhoneSimulator.ActiveCfg = Release|iPhoneSimulator
		{08C304E4-AD03-4171-AABC-39E988855B32}.Release|iPhoneSimulator.Build.0 = Release|iPhoneSimulator
		{08C304E4-AD03-4171-AABC-39E988855B32}.Release|iPhoneSimulator.Deploy.0 = Release|iPhoneSimulator
		{08C304E4-AD03-4171-AABC-39E988855B32}.Release|x64.ActiveCfg = Release|iPhoneSimulator
		{08C304E4-AD03-4171-AABC-39E988855B32}.Release|x64.Build.0 = Release|iPhoneSimulator
		{08C304E4-AD03-4171-AABC-39E988855B32}.Release|x64.Deploy.0 = Release|iPhoneSimulator
		{08C304E4-AD03-4171-AABC-39E988855B32}.Release|x86.ActiveCfg = Release|iPhoneSimulator
		{08C304E4-AD03-4171-AABC-39E988855B32}.Release|x86.Build.0 = Release|iPhoneSimulator
		{08C304E4-AD03-4171-AABC-39E988855B32}.Release|x86.Deploy.0 = Release|iPhoneSimulator
		{9A15A7E5-24E5-479F-A750-CFDF2CC865AF}.Debug|Any CPU.ActiveCfg = Debug|Any CPU
		{9A15A7E5-24E5-479F-A750-CFDF2CC865AF}.Debug|Any CPU.Build.0 = Debug|Any CPU
		{9A15A7E5-24E5-479F-A750-CFDF2CC865AF}.Debug|Any CPU.Deploy.0 = Debug|Any CPU
		{9A15A7E5-24E5-479F-A750-CFDF2CC865AF}.Debug|ARM.ActiveCfg = Debug|Any CPU
		{9A15A7E5-24E5-479F-A750-CFDF2CC865AF}.Debug|ARM.Build.0 = Debug|Any CPU
		{9A15A7E5-24E5-479F-A750-CFDF2CC865AF}.Debug|ARM.Deploy.0 = Debug|Any CPU
		{9A15A7E5-24E5-479F-A750-CFDF2CC865AF}.Debug|iPhone.ActiveCfg = Debug|Any CPU
		{9A15A7E5-24E5-479F-A750-CFDF2CC865AF}.Debug|iPhone.Build.0 = Debug|Any CPU
		{9A15A7E5-24E5-479F-A750-CFDF2CC865AF}.Debug|iPhone.Deploy.0 = Debug|Any CPU
		{9A15A7E5-24E5-479F-A750-CFDF2CC865AF}.Debug|iPhoneSimulator.ActiveCfg = Debug|Any CPU
		{9A15A7E5-24E5-479F-A750-CFDF2CC865AF}.Debug|iPhoneSimulator.Build.0 = Debug|Any CPU
		{9A15A7E5-24E5-479F-A750-CFDF2CC865AF}.Debug|iPhoneSimulator.Deploy.0 = Debug|Any CPU
		{9A15A7E5-24E5-479F-A750-CFDF2CC865AF}.Debug|x64.ActiveCfg = Debug|Any CPU
		{9A15A7E5-24E5-479F-A750-CFDF2CC865AF}.Debug|x64.Build.0 = Debug|Any CPU
		{9A15A7E5-24E5-479F-A750-CFDF2CC865AF}.Debug|x64.Deploy.0 = Debug|Any CPU
		{9A15A7E5-24E5-479F-A750-CFDF2CC865AF}.Debug|x86.ActiveCfg = Debug|Any CPU
		{9A15A7E5-24E5-479F-A750-CFDF2CC865AF}.Debug|x86.Build.0 = Debug|Any CPU
		{9A15A7E5-24E5-479F-A750-CFDF2CC865AF}.Debug|x86.Deploy.0 = Debug|Any CPU
		{9A15A7E5-24E5-479F-A750-CFDF2CC865AF}.Release|Any CPU.ActiveCfg = Release|Any CPU
		{9A15A7E5-24E5-479F-A750-CFDF2CC865AF}.Release|Any CPU.Build.0 = Release|Any CPU
		{9A15A7E5-24E5-479F-A750-CFDF2CC865AF}.Release|Any CPU.Deploy.0 = Release|Any CPU
		{9A15A7E5-24E5-479F-A750-CFDF2CC865AF}.Release|ARM.ActiveCfg = Release|Any CPU
		{9A15A7E5-24E5-479F-A750-CFDF2CC865AF}.Release|ARM.Build.0 = Release|Any CPU
		{9A15A7E5-24E5-479F-A750-CFDF2CC865AF}.Release|ARM.Deploy.0 = Release|Any CPU
		{9A15A7E5-24E5-479F-A750-CFDF2CC865AF}.Release|iPhone.ActiveCfg = Release|Any CPU
		{9A15A7E5-24E5-479F-A750-CFDF2CC865AF}.Release|iPhone.Build.0 = Release|Any CPU
		{9A15A7E5-24E5-479F-A750-CFDF2CC865AF}.Release|iPhone.Deploy.0 = Release|Any CPU
		{9A15A7E5-24E5-479F-A750-CFDF2CC865AF}.Release|iPhoneSimulator.ActiveCfg = Release|Any CPU
		{9A15A7E5-24E5-479F-A750-CFDF2CC865AF}.Release|iPhoneSimulator.Build.0 = Release|Any CPU
		{9A15A7E5-24E5-479F-A750-CFDF2CC865AF}.Release|iPhoneSimulator.Deploy.0 = Release|Any CPU
		{9A15A7E5-24E5-479F-A750-CFDF2CC865AF}.Release|x64.ActiveCfg = Release|Any CPU
		{9A15A7E5-24E5-479F-A750-CFDF2CC865AF}.Release|x64.Build.0 = Release|Any CPU
		{9A15A7E5-24E5-479F-A750-CFDF2CC865AF}.Release|x64.Deploy.0 = Release|Any CPU
		{9A15A7E5-24E5-479F-A750-CFDF2CC865AF}.Release|x86.ActiveCfg = Release|Any CPU
		{9A15A7E5-24E5-479F-A750-CFDF2CC865AF}.Release|x86.Build.0 = Release|Any CPU
		{9A15A7E5-24E5-479F-A750-CFDF2CC865AF}.Release|x86.Deploy.0 = Release|Any CPU
	EndGlobalSection
	GlobalSection(SolutionProperties) = preSolution
		HideSolutionNode = FALSE
	EndGlobalSection
	GlobalSection(ExtensibilityGlobals) = postSolution
		SolutionGuid = {BFB8FA17-BB24-4A83-9600-5C30C906F870}
	EndGlobalSection
EndGlobal
